
Microsoft Visual Studio Solution File, Format Version 12.00
# Visual Studio Version 16
VisualStudioVersion = 16.0.29806.167
MinimumVisualStudioVersion = 10.0.40219.1
Project("{FAE04EC0-301F-11D3-BF4B-00C04F79EFBC}") = "SignalRDbUpdates", "SignalRDbUpdates\SignalRDbUpdates.csproj", "{9051592F-607A-4EA1-AD38-0BD3E1D81B31}"
EndProject
Project("{2150E333-8FDC-42A3-9474-1A3956D46DE8}") = "1.UI", "1.UI", "{4FCC6C41-5D05-450C-825C-2FAE4A05D3F8}"
EndProject
Project("{2150E333-8FDC-42A3-9474-1A3956D46DE8}") = "2.BLL", "2.BLL", "{0FE93F4C-AC33-4F12-B4BE-D4507CFC0CF7}"
EndProject
Project("{FAE04EC0-301F-11D3-BF4B-00C04F79EFBC}") = "BLL", "BLL\BLL.csproj", "{318ECEC3-0A3A-4B6B-B18E-1D26ADC38DDC}"
EndProject
Project("{2150E333-8FDC-42A3-9474-1A3956D46DE8}") = "3.Service", "3.Service", "{9713A499-2371-45B4-8876-A98EA45F6340}"
EndProject
Project("{9A19103F-16F7-4668-BE54-9A1E7A4F7556}") = "HollywoodAPI", "HollywoodAPI\HollywoodAPI.csproj", "{53449948-638D-407E-90B6-D3C1C9F7D37D}"
EndProject
Project("{2150E333-8FDC-42A3-9474-1A3956D46DE8}") = "4.DbScripts", "4.DbScripts", "{97FAA80E-3480-486C-9B83-E0EDB2A1DDB5}"
	ProjectSection(SolutionItems) = preProject
		..\..\..\Desktop\Scripts\RoleInsert.sql = ..\..\..\Desktop\Scripts\RoleInsert.sql
		..\..\..\Desktop\Scripts\Tournament_insert.sql = ..\..\..\Desktop\Scripts\Tournament_insert.sql
		Udate.sql = Udate.sql
	EndProjectSection
EndProject
Global
	GlobalSection(SolutionConfigurationPlatforms) = preSolution
		Debug|Any CPU = Debug|Any CPU
		Release|Any CPU = Release|Any CPU
	EndGlobalSection
	GlobalSection(ProjectConfigurationPlatforms) = postSolution
		{9051592F-607A-4EA1-AD38-0BD3E1D81B31}.Debug|Any CPU.ActiveCfg = Debug|Any CPU
		{9051592F-607A-4EA1-AD38-0BD3E1D81B31}.Debug|Any CPU.Build.0 = Debug|Any CPU
		{9051592F-607A-4EA1-AD38-0BD3E1D81B31}.Release|Any CPU.ActiveCfg = Release|Any CPU
		{9051592F-607A-4EA1-AD38-0BD3E1D81B31}.Release|Any CPU.Build.0 = Release|Any CPU
		{318ECEC3-0A3A-4B6B-B18E-1D26ADC38DDC}.Debug|Any CPU.ActiveCfg = Debug|Any CPU
		{318ECEC3-0A3A-4B6B-B18E-1D26ADC38DDC}.Debug|Any CPU.Build.0 = Debug|Any CPU
		{318ECEC3-0A3A-4B6B-B18E-1D26ADC38DDC}.Release|Any CPU.ActiveCfg = Release|Any CPU
		{318ECEC3-0A3A-4B6B-B18E-1D26ADC38DDC}.Release|Any CPU.Build.0 = Release|Any CPU
		{53449948-638D-407E-90B6-D3C1C9F7D37D}.Debug|Any CPU.ActiveCfg = Debug|Any CPU
		{53449948-638D-407E-90B6-D3C1C9F7D37D}.Debug|Any CPU.Build.0 = Debug|Any CPU
		{53449948-638D-407E-90B6-D3C1C9F7D37D}.Release|Any CPU.ActiveCfg = Release|Any CPU
		{53449948-638D-407E-90B6-D3C1C9F7D37D}.Release|Any CPU.Build.0 = Release|Any CPU
	EndGlobalSection
	GlobalSection(SolutionProperties) = preSolution
		HideSolutionNode = FALSE
	EndGlobalSection
	GlobalSection(NestedProjects) = preSolution
		{9051592F-607A-4EA1-AD38-0BD3E1D81B31} = {4FCC6C41-5D05-450C-825C-2FAE4A05D3F8}
		{318ECEC3-0A3A-4B6B-B18E-1D26ADC38DDC} = {0FE93F4C-AC33-4F12-B4BE-D4507CFC0CF7}
		{53449948-638D-407E-90B6-D3C1C9F7D37D} = {9713A499-2371-45B4-8876-A98EA45F6340}
	EndGlobalSection
	GlobalSection(ExtensibilityGlobals) = postSolution
		SolutionGuid = {C9DA95C7-5C54-4BCD-91E8-90FD08F7EC8C}
	EndGlobalSection
EndGlobal
